# This file is autogenerated, do not edit; changes may be undone by the next 'dep ensure'.


[[projects]]
  branch = "master"
  name = "github.com/jacobsa/crypto"
  packages = [
    "cmac",
    "common"
  ]
  revision = "c73681c634de898c869684602cf0c0d2ce938c4d"

[solve-meta]
  analyzer-name = "dep"
  analyzer-version = 1
  inputs-digest = "7324a44a58c22a0f9730377424ff70d42957cafa69187a9a7cae4e8fd6929dd9"
  solver-name = "gps-cdcl"
  solver-version = 1
